
Microsoft Visual Studio Solution File, Format Version 12.00
# Visual Studio Version 17
VisualStudioVersion = 17.6.33815.320
MinimumVisualStudioVersion = 10.0.40219.1
Project("{FAE04EC0-301F-11D3-BF4B-00C04F79EFBC}") = "StreamsSpike", "StreamsSpike\StreamsSpike.csproj", "{3AB56AB8-E68F-488A-9371-A6EA4504A9A7}"
EndProject
Global
	GlobalSection(SolutionConfigurationPlatforms) = preSolution
		Debug|Any CPU = Debug|Any CPU
		Release|Any CPU = Release|Any CPU
	EndGlobalSection
	GlobalSection(ProjectConfigurationPlatforms) = postSolution
		{3AB56AB8-E68F-488A-9371-A6EA4504A9A7}.Debug|Any CPU.ActiveCfg = Debug|Any CPU
		{3AB56AB8-E68F-488A-9371-A6EA4504A9A7}.Debug|Any CPU.Build.0 = Debug|Any CPU
		{3AB56AB8-E68F-488A-9371-A6EA4504A9A7}.Release|Any CPU.ActiveCfg = Release|Any CPU
		{3AB56AB8-E68F-488A-9371-A6EA4504A9A7}.Release|Any CPU.Build.0 = Release|Any CPU
	EndGlobalSection
	GlobalSection(SolutionProperties) = preSolution
		HideSolutionNode = FALSE
	EndGlobalSection
	GlobalSection(ExtensibilityGlobals) = postSolution
		SolutionGuid = {C47E2674-F771-445B-A25F-031D8DE95C41}
	EndGlobalSection
EndGlobal
